// !$*UTF8*$!
{
	archiveVersion = 1;
	classes = {
	};
	objectVersion = 55;
	objects = {

/* Begin PBXBuildFile section */
		9968FB622714508800B28535 /* AppDelegate.swift in Sources */ = {isa = PBXBuildFile; fileRef = 9968FB612714508800B28535 /* AppDelegate.swift */; };
		9968FB642714508800B28535 /* SceneDelegate.swift in Sources */ = {isa = PBXBuildFile; fileRef = 9968FB632714508800B28535 /* SceneDelegate.swift */; };
		9968FB662714508800B28535 /* SideMenuViewController.swift in Sources */ = {isa = PBXBuildFile; fileRef = 9968FB652714508800B28535 /* SideMenuViewController.swift */; };
		9968FB692714508800B28535 /* Main.storyboard in Resources */ = {isa = PBXBuildFile; fileRef = 9968FB672714508800B28535 /* Main.storyboard */; };
		9968FB6B2714508900B28535 /* Assets.xcassets in Resources */ = {isa = PBXBuildFile; fileRef = 9968FB6A2714508900B28535 /* Assets.xcassets */; };
		9968FB6E2714508900B28535 /* LaunchScreen.storyboard in Resources */ = {isa = PBXBuildFile; fileRef = 9968FB6C2714508900B28535 /* LaunchScreen.storyboard */; };
		9968FB762714515900B28535 /* CustomSideMenuNavigation.swift in Sources */ = {isa = PBXBuildFile; fileRef = 9968FB752714515900B28535 /* CustomSideMenuNavigation.swift */; };
		9968FB78271455C300B28535 /* ViewController.swift in Sources */ = {isa = PBXBuildFile; fileRef = 9968FB77271455C300B28535 /* ViewController.swift */; };
		A55F558635E3BBC77EB9A40C /* Pods_SideMenu_Demo.framework in Frameworks */ = {isa = PBXBuildFile; fileRef = A1A24C50D4DCF64A74DCD0B0 /* Pods_SideMenu_Demo.framework */; };
/* End PBXBuildFile section */

/* Begin PBXFileReference section */
		9531A52D86963E900A2E3D01 /* Pods-SideMenu_Demo.debug.xcconfig */ = {isa = PBXFileReference; includeInIndex = 1; lastKnownFileType = text.xcconfig; name = "Pods-SideMenu_Demo.debug.xcconfig"; path = "Target Support Files/Pods-SideMenu_Demo/Pods-SideMenu_Demo.debug.xcconfig"; sourceTree = "<group>"; };
		9968FB5E2714508800B28535 /* SideMenu_Demo.app */ = {isa = PBXFileReference; explicitFileType = wrapper.application; includeInIndex = 0; path = SideMenu_Demo.app; sourceTree = BUILT_PRODUCTS_DIR; };
		9968FB612714508800B28535 /* AppDelegate.swift */ = {isa = PBXFileReference; lastKnownFileType = sourcecode.swift; path = AppDelegate.swift; sourceTree = "<group>"; };
		9968FB632714508800B28535 /* SceneDelegate.swift */ = {isa = PBXFileReference; lastKnownFileType = sourcecode.swift; path = SceneDelegate.swift; sourceTree = "<group>"; };
		9968FB652714508800B28535 /* SideMenuViewController.swift */ = {isa = PBXFileReference; lastKnownFileType = sourcecode.swift; path = SideMenuViewController.swift; sourceTree = "<group>"; };
		9968FB682714508800B28535 /* Base */ = {isa = PBXFileReference; lastKnownFileType = file.storyboard; name = Base; path = Base.lproj/Main.storyboard; sourceTree = "<group>"; };
		9968FB6A2714508900B28535 /* Assets.xcassets */ = {isa = PBXFileReference; lastKnownFileType = folder.assetcatalog; path = Assets.xcassets; sourceTree = "<group>"; };
		9968FB6D2714508900B28535 /* Base */ = {isa = PBXFileReference; lastKnownFileType = file.storyboard; name = Base; path = Base.lproj/LaunchScreen.storyboard; sourceTree = "<group>"; };
		9968FB6F2714508900B28535 /* Info.plist */ = {isa = PBXFileReference; lastKnownFileType = text.plist.xml; path = Info.plist; sourceTree = "<group>"; };
		9968FB752714515900B28535 /* CustomSideMenuNavigation.swift */ = {isa = PBXFileReference; lastKnownFileType = sourcecode.swift; path = CustomSideMenuNavigation.swift; sourceTree = "<group>"; };
		9968FB77271455C300B28535 /* ViewController.swift */ = {isa = PBXFileReference; lastKnownFileType = sourcecode.swift; path = ViewController.swift; sourceTree = "<group>"; };
		9968FB792714591C00B28535 /* README.md */ = {isa = PBXFileReference; lastKnownFileType = net.daringfireball.markdown; path = README.md; sourceTree = "<group>"; };
		A1A24C50D4DCF64A74DCD0B0 /* Pods_SideMenu_Demo.framework */ = {isa = PBXFileReference; explicitFileType = wrapper.framework; includeInIndex = 0; path = Pods_SideMenu_Demo.framework; sourceTree = BUILT_PRODUCTS_DIR; };
		E9671F210C57C69F9A865C04 /* Pods-SideMenu_Demo.release.xcconfig */ = {isa = PBXFileReference; includeInIndex = 1; lastKnownFileType = text.xcconfig; name = "Pods-SideMenu_Demo.release.xcconfig"; path = "Target Support Files/Pods-SideMenu_Demo/Pods-SideMenu_Demo.release.xcconfig"; sourceTree = "<group>"; };
/* End PBXFileReference section */

/* Begin PBXFrameworksBuildPhase section */
		9968FB5B2714508800B28535 /* Frameworks */ = {
			isa = PBXFrameworksBuildPhase;
			buildActionMask = 2147483647;
			files = (
				A55F558635E3BBC77EB9A40C /* Pods_SideMenu_Demo.framework in Frameworks */,
			);
			runOnlyForDeploymentPostprocessing = 0;
		};
/* End PBXFrameworksBuildPhase section */

/* Begin PBXGroup section */
		9968FB552714508800B28535 = {
			isa = PBXGroup;
			children = (
				9968FB602714508800B28535 /* SideMenu_Demo */,
				9968FB5F2714508800B28535 /* Products */,
				D95248B8C3D33A9892272D0E /* Pods */,
				9D3FA14F85EB4651200B31C7 /* Frameworks */,
			);
			sourceTree = "<group>";
		};
		9968FB5F2714508800B28535 /* Products */ = {
			isa = PBXGroup;
			children = (
				9968FB5E2714508800B28535 /* SideMenu_Demo.app */,
			);
			name = Products;
			sourceTree = "<group>";
		};
		9968FB602714508800B28535 /* SideMenu_Demo */ = {
			isa = PBXGroup;
			children = (
				9968FB612714508800B28535 /* AppDelegate.swift */,
				9968FB632714508800B28535 /* SceneDelegate.swift */,
				9968FB652714508800B28535 /* SideMenuViewController.swift */,
				9968FB752714515900B28535 /* CustomSideMenuNavigation.swift */,
				9968FB77271455C300B28535 /* ViewController.swift */,
				9968FB672714508800B28535 /* Main.storyboard */,
				9968FB6A2714508900B28535 /* Assets.xcassets */,
				9968FB6C2714508900B28535 /* LaunchScreen.storyboard */,
				9968FB6F2714508900B28535 /* Info.plist */,
				9968FB792714591C00B28535 /* README.md */,
			);
			path = SideMenu_Demo;
			sourceTree = "<group>";
		};
		9D3FA14F85EB4651200B31C7 /* Frameworks */ = {
			isa = PBXGroup;
			children = (
				A1A24C50D4DCF64A74DCD0B0 /* Pods_SideMenu_Demo.framework */,
			);
			name = Frameworks;
			sourceTree = "<group>";
		};
		D95248B8C3D33A9892272D0E /* Pods */ = {
			isa = PBXGroup;
			children = (
				9531A52D86963E900A2E3D01 /* Pods-SideMenu_Demo.debug.xcconfig */,
				E9671F210C57C69F9A865C04 /* Pods-SideMenu_Demo.release.xcconfig */,
			);
			path = Pods;
			sourceTree = "<group>";
		};
/* End PBXGroup section */

/* Begin PBXNativeTarget section */
		9968FB5D2714508800B28535 /* SideMenu_Demo */ = {
			isa = PBXNativeTarget;
			buildConfigurationList = 9968FB722714508900B28535 /* Build configuration list for PBXNativeTarget "SideMenu_Demo" */;
			buildPhases = (
				11A4496DDA1332B698E595EB /* [CP] Check Pods Manifest.lock */,
				9968FB5A2714508800B28535 /* Sources */,
				9968FB5B2714508800B28535 /* Frameworks */,
				9968FB5C2714508800B28535 /* Resources */,
				8BBAF043888548CF00D75321 /* [CP] Embed Pods Frameworks */,
			);
			buildRules = (
			);
			dependencies = (
			);
			name = SideMenu_Demo;
			productName = SideMenu_Demo;
			productReference = 9968FB5E2714508800B28535 /* SideMenu_Demo.app */;
			productType = "com.apple.product-type.application";
		};
/* End PBXNativeTarget section */

/* Begin PBXProject section */
		9968FB562714508800B28535 /* Project object */ = {
			isa = PBXProject;
			attributes = {
				BuildIndependentTargetsInParallel = 1;
				LastSwiftUpdateCheck = 1300;
				LastUpgradeCheck = 1300;
				TargetAttributes = {
					9968FB5D2714508800B28535 = {
						CreatedOnToolsVersion = 13.0;
					};
				};
			};
			buildConfigurationList = 9968FB592714508800B28535 /* Build configuration list for PBXProject "SideMenu_Demo" */;
			compatibilityVersion = "Xcode 13.0";
			developmentRegion = en;
			hasScannedForEncodings = 0;
			knownRegions = (
				en,
				Base,
			);
			mainGroup = 9968FB552714508800B28535;
			productRefGroup = 9968FB5F2714508800B28535 /* Products */;
			projectDirPath = "";
			projectRoot = "";
			targets = (
				9968FB5D2714508800B28535 /* SideMenu_Demo */,
			);
		};
/* End PBXProject section */

/* Begin PBXResourcesBuildPhase section */
		9968FB5C2714508800B28535 /* Resources */ = {
			isa = PBXResourcesBuildPhase;
			buildActionMask = 2147483647;
			files = (
				9968FB6E2714508900B28535 /* LaunchScreen.storyboard in Resources */,
				9968FB6B2714508900B28535 /* Assets.xcassets in Resources */,
				9968FB692714508800B28535 /* Main.storyboard in Resources */,
			);
			runOnlyForDeploymentPostprocessing = 0;
		};
/* End PBXResourcesBuildPhase section */

/* Begin PBXShellScriptBuildPhase section */
		11A4496DDA1332B698E595EB /* [CP] Check Pods Manifest.lock */ = {
			isa = PBXShellScriptBuildPhase;
			buildActionMask = 2147483647;
			files = (
			);
			inputFileListPaths = (
			);
			inputPaths = (
				"${PODS_PODFILE_DIR_PATH}/Podfile.lock",
				"${PODS_ROOT}/Manifest.lock",
			);
			name = "[CP] Check Pods Manifest.lock";
			outputFileListPaths = (
			);
			outputPaths = (
				"$(DERIVED_FILE_DIR)/Pods-SideMenu_Demo-checkManifestLockResult.txt",
			);
			runOnlyForDeploymentPostprocessing = 0;
			shellPath = /bin/sh;
			shellScript = "diff \"${PODS_PODFILE_DIR_PATH}/Podfile.lock\" \"${PODS_ROOT}/Manifest.lock\" > /dev/null\nif [ $? != 0 ] ; then\n    # print error to STDERR\n    echo \"error: The sandbox is not in sync with the Podfile.lock. Run 'pod install' or update your CocoaPods installation.\" >&2\n    exit 1\nfi\n# This output is used by Xcode 'outputs' to avoid re-running this script phase.\necho \"SUCCESS\" > \"${SCRIPT_OUTPUT_FILE_0}\"\n";
			showEnvVarsInLog = 0;
		};
		8BBAF043888548CF00D75321 /* [CP] Embed Pods Frameworks */ = {
			isa = PBXShellScriptBuildPhase;
			buildActionMask = 2147483647;
			files = (
			);
			inputFileListPaths = (
				"${PODS_ROOT}/Target Support Files/Pods-SideMenu_Demo/Pods-SideMenu_Demo-frameworks-${CONFIGURATION}-input-files.xcfilelist",
			);
			name = "[CP] Embed Pods Frameworks";
			outputFileListPaths = (
				"${PODS_ROOT}/Target Support Files/Pods-SideMenu_Demo/Pods-SideMenu_Demo-frameworks-${CONFIGURATION}-output-files.xcfilelist",
			);
			runOnlyForDeploymentPostprocessing = 0;
			shellPath = /bin/sh;
			shellScript = "\"${PODS_ROOT}/Target Support Files/Pods-SideMenu_Demo/Pods-SideMenu_Demo-frameworks.sh\"\n";
			showEnvVarsInLog = 0;
		};
/* End PBXShellScriptBuildPhase section */

/* Begin PBXSourcesBuildPhase section */
		9968FB5A2714508800B28535 /* Sources */ = {
			isa = PBXSourcesBuildPhase;
			buildActionMask = 2147483647;
			files = (
				9968FB78271455C300B28535 /* ViewController.swift in Sources */,
				9968FB662714508800B28535 /* SideMenuViewController.swift in Sources */,
				9968FB622714508800B28535 /* AppDelegate.swift in Sources */,
				9968FB762714515900B28535 /* CustomSideMenuNavigation.swift in Sources */,
				9968FB642714508800B28535 /* SceneDelegate.swift in Sources */,
			);
			runOnlyForDeploymentPostprocessing = 0;
		};
/* End PBXSourcesBuildPhase section */

/* Begin PBXVariantGroup section */
		9968FB672714508800B28535 /* Main.storyboard */ = {
			isa = PBXVariantGroup;
			children = (
				9968FB682714508800B28535 /* Base */,
			);
			name = Main.storyboard;
			sourceTree = "<group>";
		};
		9968FB6C2714508900B28535 /* LaunchScreen.storyboard */ = {
			isa = PBXVariantGroup;
			children = (
				9968FB6D2714508900B28535 /* Base */,
			);
			name = LaunchScreen.storyboard;
			sourceTree = "<group>";
		};
/* End PBXVariantGroup section */

/* Begin XCBuildConfiguration section */
		9968FB702714508900B28535 /* Debug */ = {
			isa = XCBuildConfiguration;
			buildSettings = {
				ALWAYS_SEARCH_USER_PATHS = NO;
				CLANG_ANALYZER_NONNULL = YES;
				CLANG_ANALYZER_NUMBER_OBJECT_CONVERSION = YES_AGGRESSIVE;
				CLANG_CXX_LANGUAGE_STANDARD = "gnu++17";
				CLANG_CXX_LIBRARY = "libc++";
				CLANG_ENABLE_MODULES = YES;
				CLANG_ENABLE_OBJC_ARC = YES;
				CLANG_ENABLE_OBJC_WEAK = YES;
				CLANG_WARN_BLOCK_CAPTURE_AUTORELEASING = YES;
				CLANG_WARN_BOOL_CONVERSION = YES;
				CLANG_WARN_COMMA = YES;
				CLANG_WARN_CONSTANT_CONVERSION = YES;
				CLANG_WARN_DEPRECATED_OBJC_IMPLEMENTATIONS = YES;
				CLANG_WARN_DIRECT_OBJC_ISA_USAGE = YES_ERROR;
				CLANG_WARN_DOCUMENTATION_COMMENTS = YES;
				CLANG_WARN_EMPTY_BODY = YES;
				CLANG_WARN_ENUM_CONVERSION = YES;
				CLANG_WARN_INFINITE_RECURSION = YES;
				CLANG_WARN_INT_CONVERSION = YES;
				CLANG_WARN_NON_LITERAL_NULL_CONVERSION = YES;
				CLANG_WARN_OBJC_IMPLICIT_RETAIN_SELF = YES;
				CLANG_WARN_OBJC_LITERAL_CONVERSION = YES;
				CLANG_WARN_OBJC_ROOT_CLASS = YES_ERROR;
				CLANG_WARN_QUOTED_INCLUDE_IN_FRAMEWORK_HEADER = YES;
				CLANG_WARN_RANGE_LOOP_ANALYSIS = YES;
				CLANG_WARN_STRICT_PROTOTYPES = YES;
				CLANG_WARN_SUSPICIOUS_MOVE = YES;
				CLANG_WARN_UNGUARDED_AVAILABILITY = YES_AGGRESSIVE;
				CLANG_WARN_UNREACHABLE_CODE = YES;
				CLANG_WARN__DUPLICATE_METHOD_MATCH = YES;
				COPY_PHASE_STRIP = NO;
				DEBUG_INFORMATION_FORMAT = dwarf;
				ENABLE_STRICT_OBJC_MSGSEND = YES;
				ENABLE_TESTABILITY = YES;
				GCC_C_LANGUAGE_STANDARD = gnu11;
				GCC_DYNAMIC_NO_PIC = NO;
				GCC_NO_COMMON_BLOCKS = YES;
				GCC_OPTIMIZATION_LEVEL = 0;
				GCC_PREPROCESSOR_DEFINITIONS = (
					"DEBUG=1",
					"$(inherited)",
				);
				GCC_WARN_64_TO_32_BIT_CONVERSION = YES;
				GCC_WARN_ABOUT_RETURN_TYPE = YES_ERROR;
				GCC_WARN_UNDECLARED_SELECTOR = YES;
				GCC_WARN_UNINITIALIZED_AUTOS = YES_AGGRESSIVE;
				GCC_WARN_UNUSED_FUNCTION = YES;
				GCC_WARN_UNUSED_VARIABLE = YES;
				IPHONEOS_DEPLOYMENT_TARGET = 15.0;
				MTL_ENABLE_DEBUG_INFO = INCLUDE_SOURCE;
				MTL_FAST_MATH = YES;
				ONLY_ACTIVE_ARCH = YES;
				SDKROOT = iphoneos;
				SWIFT_ACTIVE_COMPILATION_CONDITIONS = DEBUG;
				SWIFT_OPTIMIZATION_LEVEL = "-Onone";
			};
			name = Debug;
		};
		9968FB712714508900B28535 /* Release */ = {
			isa = XCBuildConfiguration;
			buildSettings = {
				ALWAYS_SEARCH_USER_PATHS = NO;
				CLANG_ANALYZER_NONNULL = YES;
				CLANG_ANALYZER_NUMBER_OBJECT_CONVERSION = YES_AGGRESSIVE;
				CLANG_CXX_LANGUAGE_STANDARD = "gnu++17";
				CLANG_CXX_LIBRARY = "libc++";
				CLANG_ENABLE_MODULES = YES;
				CLANG_ENABLE_OBJC_ARC = YES;
				CLANG_ENABLE_OBJC_WEAK = YES;
				CLANG_WARN_BLOCK_CAPTURE_AUTORELEASING = YES;
				CLANG_WARN_BOOL_CONVERSION = YES;
				CLANG_WARN_COMMA = YES;
				CLANG_WARN_CONSTANT_CONVERSION = YES;
				CLANG_WARN_DEPRECATED_OBJC_IMPLEMENTATIONS = YES;
				CLANG_WARN_DIRECT_OBJC_ISA_USAGE = YES_ERROR;
				CLANG_WARN_DOCUMENTATION_COMMENTS = YES;
				CLANG_WARN_EMPTY_BODY = YES;
				CLANG_WARN_ENUM_CONVERSION = YES;
				CLANG_WARN_INFINITE_RECURSION = YES;
				CLANG_WARN_INT_CONVERSION = YES;
				CLANG_WARN_NON_LITERAL_NULL_CONVERSION = YES;
				CLANG_WARN_OBJC_IMPLICIT_RETAIN_SELF = YES;
				CLANG_WARN_OBJC_LITERAL_CONVERSION = YES;
				CLANG_WARN_OBJC_ROOT_CLASS = YES_ERROR;
				CLANG_WARN_QUOTED_INCLUDE_IN_FRAMEWORK_HEADER = YES;
				CLANG_WARN_RANGE_LOOP_ANALYSIS = YES;
				CLANG_WARN_STRICT_PROTOTYPES = YES;
				CLANG_WARN_SUSPICIOUS_MOVE = YES;
				CLANG_WARN_UNGUARDED_AVAILABILITY = YES_AGGRESSIVE;
				CLANG_WARN_UNREACHABLE_CODE = YES;
				CLANG_WARN__DUPLICATE_METHOD_MATCH = YES;
				COPY_PHASE_STRIP = NO;
				DEBUG_INFORMATION_FORMAT = "dwarf-with-dsym";
				ENABLE_NS_ASSERTIONS = NO;
				ENABLE_STRICT_OBJC_MSGSEND = YES;
				GCC_C_LANGUAGE_STANDARD = gnu11;
				GCC_NO_COMMON_BLOCKS = YES;
				GCC_WARN_64_TO_32_BIT_CONVERSION = YES;
				GCC_WARN_ABOUT_RETURN_TYPE = YES_ERROR;
				GCC_WARN_UNDECLARED_SELECTOR = YES;
				GCC_WARN_UNINITIALIZED_AUTOS = YES_AGGRESSIVE;
				GCC_WARN_UNUSED_FUNCTION = YES;
				GCC_WARN_UNUSED_VARIABLE = YES;
				IPHONEOS_DEPLOYMENT_TARGET = 15.0;
				MTL_ENABLE_DEBUG_INFO = NO;
				MTL_FAST_MATH = YES;
				SDKROOT = iphoneos;
				SWIFT_COMPILATION_MODE = wholemodule;
				SWIFT_OPTIMIZATION_LEVEL = "-O";
				VALIDATE_PRODUCT = YES;
			};
			name = Release;
		};
		9968FB732714508900B28535 /* Debug */ = {
			isa = XCBuildConfiguration;
			baseConfigurationReference = 9531A52D86963E900A2E3D01 /* Pods-SideMenu_Demo.debug.xcconfig */;
			buildSettings = {
				ASSETCATALOG_COMPILER_APPICON_NAME = AppIcon;
				ASSETCATALOG_COMPILER_GLOBAL_ACCENT_COLOR_NAME = AccentColor;
				CODE_SIGN_STYLE = Automatic;
				CURRENT_PROJECT_VERSION = 1;
				DEVELOPMENT_TEAM = JXFMRW69P3;
				GENERATE_INFOPLIST_FILE = YES;
				INFOPLIST_FILE = SideMenu_Demo/Info.plist;
				INFOPLIST_KEY_UIApplicationSupportsIndirectInputEvents = YES;
				INFOPLIST_KEY_UILaunchStoryboardName = LaunchScreen;
				INFOPLIST_KEY_UIMainStoryboardFile = Main;
				INFOPLIST_KEY_UISupportedInterfaceOrientations_iPad = "UIInterfaceOrientationPortrait UIInterfaceOrientationPortraitUpsideDown UIInterfaceOrientationLandscapeLeft UIInterfaceOrientationLandscapeRight";
				INFOPLIST_KEY_UISupportedInterfaceOrientations_iPhone = "UIInterfaceOrientationPortrait UIInterfaceOrientationLandscapeLeft UIInterfaceOrientationLandscapeRight";
				LD_RUNPATH_SEARCH_PATHS = (
					"$(inherited)",
					"@executable_path/Frameworks",
				);
				MARKETING_VERSION = 1.0;
				PRODUCT_BUNDLE_IDENTIFIER = "iOSoo.SideMenu-Demo";
				PRODUCT_NAME = "$(TARGET_NAME)";
				SWIFT_EMIT_LOC_STRINGS = YES;
				SWIFT_VERSION = 5.0;
				TARGETED_DEVICE_FAMILY = "1,2";
			};
			name = Debug;
		};
		9968FB742714508900B28535 /* Release */ = {
			isa = XCBuildConfiguration;
			baseConfigurationReference = E9671F210C57C69F9A865C04 /* Pods-SideMenu_Demo.release.xcconfig */;
			buildSettings = {
				ASSETCATALOG_COMPILER_APPICON_NAME = AppIcon;
				ASSETCATALOG_COMPILER_GLOBAL_ACCENT_COLOR_NAME = AccentColor;
				CODE_SIGN_STYLE = Automatic;
				CURRENT_PROJECT_VERSION = 1;
				DEVELOPMENT_TEAM = JXFMRW69P3;
				GENERATE_INFOPLIST_FILE = YES;
				INFOPLIST_FILE = SideMenu_Demo/Info.plist;
				INFOPLIST_KEY_UIApplicationSupportsIndirectInputEvents = YES;
				INFOPLIST_KEY_UILaunchStoryboardName = LaunchScreen;
				INFOPLIST_KEY_UIMainStoryboardFile = Main;
				INFOPLIST_KEY_UISupportedInterfaceOrientations_iPad = "UIInterfaceOrientationPortrait UIInterfaceOrientationPortraitUpsideDown UIInterfaceOrientationLandscapeLeft UIInterfaceOrientationLandscapeRight";
				INFOPLIST_KEY_UISupportedInterfaceOrientations_iPhone = "UIInterfaceOrientationPortrait UIInterfaceOrientationLandscapeLeft UIInterfaceOrientationLandscapeRight";
				LD_RUNPATH_SEARCH_PATHS = (
					"$(inherited)",
					"@executable_path/Frameworks",
				);
				MARKETING_VERSION = 1.0;
				PRODUCT_BUNDLE_IDENTIFIER = "iOSoo.SideMenu-Demo";
				PRODUCT_NAME = "$(TARGET_NAME)";
				SWIFT_EMIT_LOC_STRINGS = YES;
				SWIFT_VERSION = 5.0;
				TARGETED_DEVICE_FAMILY = "1,2";
			};
			name = Release;
		};
/* End XCBuildConfiguration section */

/* Begin XCConfigurationList section */
		9968FB592714508800B28535 /* Build configuration list for PBXProject "SideMenu_Demo" */ = {
			isa = XCConfigurationList;
			buildConfigurations = (
				9968FB702714508900B28535 /* Debug */,
				9968FB712714508900B28535 /* Release */,
			);
			defaultConfigurationIsVisible = 0;
			defaultConfigurationName = Release;
		};
		9968FB722714508900B28535 /* Build configuration list for PBXNativeTarget "SideMenu_Demo" */ = {
			isa = XCConfigurationList;
			buildConfigurations = (
				9968FB732714508900B28535 /* Debug */,
				9968FB742714508900B28535 /* Release */,
			);
			defaultConfigurationIsVisible = 0;
			defaultConfigurationName = Release;
		};
/* End XCConfigurationList section */
	};
	rootObject = 9968FB562714508800B28535 /* Project object */;
}
